// !$*UTF8*$!
{
	archiveVersion = 1;
	classes = {
	};
	objectVersion = 55;
	objects = {

/* Begin PBXBuildFile section */
		7482239427BDEF36006D5B4E /* AppDelegate.m in Sources */ = {isa = PBXBuildFile; fileRef = 7482239327BDEF36006D5B4E /* AppDelegate.m */; };
		7482239A27BDEF36006D5B4E /* ViewController.m in Sources */ = {isa = PBXBuildFile; fileRef = 7482239927BDEF36006D5B4E /* ViewController.m */; };
		7482239D27BDEF36006D5B4E /* Main.storyboard in Resources */ = {isa = PBXBuildFile; fileRef = 7482239B27BDEF36006D5B4E /* Main.storyboard */; };
		7482239F27BDEF39006D5B4E /* Assets.xcassets in Resources */ = {isa = PBXBuildFile; fileRef = 7482239E27BDEF39006D5B4E /* Assets.xcassets */; };
		748223A227BDEF39006D5B4E /* LaunchScreen.storyboard in Resources */ = {isa = PBXBuildFile; fileRef = 748223A027BDEF39006D5B4E /* LaunchScreen.storyboard */; };
		748223A527BDEF39006D5B4E /* main.m in Sources */ = {isa = PBXBuildFile; fileRef = 748223A427BDEF39006D5B4E /* main.m */; };
		748223AF27BDEF3A006D5B4E /* SelectXZAndQxTests.m in Sources */ = {isa = PBXBuildFile; fileRef = 748223AE27BDEF3A006D5B4E /* SelectXZAndQxTests.m */; };
		748223B927BDEF3A006D5B4E /* SelectXZAndQxUITests.m in Sources */ = {isa = PBXBuildFile; fileRef = 748223B827BDEF3A006D5B4E /* SelectXZAndQxUITests.m */; };
		748223BB27BDEF3A006D5B4E /* SelectXZAndQxUITestsLaunchTests.m in Sources */ = {isa = PBXBuildFile; fileRef = 748223BA27BDEF3A006D5B4E /* SelectXZAndQxUITestsLaunchTests.m */; };
		ED62ED792223F6CDCEF7DF38 /* Pods_SelectXZAndQx.framework in Frameworks */ = {isa = PBXBuildFile; fileRef = B72E551EA3C68A085A8E27C3 /* Pods_SelectXZAndQx.framework */; };
/* End PBXBuildFile section */

/* Begin PBXContainerItemProxy section */
		748223AB27BDEF3A006D5B4E /* PBXContainerItemProxy */ = {
			isa = PBXContainerItemProxy;
			containerPortal = 7482238727BDEF36006D5B4E /* Project object */;
			proxyType = 1;
			remoteGlobalIDString = 7482238E27BDEF36006D5B4E;
			remoteInfo = SelectXZAndQx;
		};
		748223B527BDEF3A006D5B4E /* PBXContainerItemProxy */ = {
			isa = PBXContainerItemProxy;
			containerPortal = 7482238727BDEF36006D5B4E /* Project object */;
			proxyType = 1;
			remoteGlobalIDString = 7482238E27BDEF36006D5B4E;
			remoteInfo = SelectXZAndQx;
		};
/* End PBXContainerItemProxy section */

/* Begin PBXFileReference section */
		06E3A9E3AC4237F6B73217F4 /* Pods-SelectXZAndQx.release.xcconfig */ = {isa = PBXFileReference; includeInIndex = 1; lastKnownFileType = text.xcconfig; name = "Pods-SelectXZAndQx.release.xcconfig"; path = "Target Support Files/Pods-SelectXZAndQx/Pods-SelectXZAndQx.release.xcconfig"; sourceTree = "<group>"; };
		7482238F27BDEF36006D5B4E /* SelectXZAndQx.app */ = {isa = PBXFileReference; explicitFileType = wrapper.application; includeInIndex = 0; path = SelectXZAndQx.app; sourceTree = BUILT_PRODUCTS_DIR; };
		7482239227BDEF36006D5B4E /* AppDelegate.h */ = {isa = PBXFileReference; lastKnownFileType = sourcecode.c.h; path = AppDelegate.h; sourceTree = "<group>"; };
		7482239327BDEF36006D5B4E /* AppDelegate.m */ = {isa = PBXFileReference; lastKnownFileType = sourcecode.c.objc; path = AppDelegate.m; sourceTree = "<group>"; };
		7482239827BDEF36006D5B4E /* ViewController.h */ = {isa = PBXFileReference; lastKnownFileType = sourcecode.c.h; path = ViewController.h; sourceTree = "<group>"; };
		7482239927BDEF36006D5B4E /* ViewController.m */ = {isa = PBXFileReference; lastKnownFileType = sourcecode.c.objc; path = ViewController.m; sourceTree = "<group>"; };
		7482239C27BDEF36006D5B4E /* Base */ = {isa = PBXFileReference; lastKnownFileType = file.storyboard; name = Base; path = Base.lproj/Main.storyboard; sourceTree = "<group>"; };
		7482239E27BDEF39006D5B4E /* Assets.xcassets */ = {isa = PBXFileReference; lastKnownFileType = folder.assetcatalog; path = Assets.xcassets; sourceTree = "<group>"; };
		748223A127BDEF39006D5B4E /* Base */ = {isa = PBXFileReference; lastKnownFileType = file.storyboard; name = Base; path = Base.lproj/LaunchScreen.storyboard; sourceTree = "<group>"; };
		748223A327BDEF39006D5B4E /* Info.plist */ = {isa = PBXFileReference; lastKnownFileType = text.plist.xml; path = Info.plist; sourceTree = "<group>"; };
		748223A427BDEF39006D5B4E /* main.m */ = {isa = PBXFileReference; lastKnownFileType = sourcecode.c.objc; path = main.m; sourceTree = "<group>"; };
		748223AA27BDEF3A006D5B4E /* SelectXZAndQxTests.xctest */ = {isa = PBXFileReference; explicitFileType = wrapper.cfbundle; includeInIndex = 0; path = SelectXZAndQxTests.xctest; sourceTree = BUILT_PRODUCTS_DIR; };
		748223AE27BDEF3A006D5B4E /* SelectXZAndQxTests.m */ = {isa = PBXFileReference; lastKnownFileType = sourcecode.c.objc; path = SelectXZAndQxTests.m; sourceTree = "<group>"; };
		748223B427BDEF3A006D5B4E /* SelectXZAndQxUITests.xctest */ = {isa = PBXFileReference; explicitFileType = wrapper.cfbundle; includeInIndex = 0; path = SelectXZAndQxUITests.xctest; sourceTree = BUILT_PRODUCTS_DIR; };
		748223B827BDEF3A006D5B4E /* SelectXZAndQxUITests.m */ = {isa = PBXFileReference; lastKnownFileType = sourcecode.c.objc; path = SelectXZAndQxUITests.m; sourceTree = "<group>"; };
		748223BA27BDEF3A006D5B4E /* SelectXZAndQxUITestsLaunchTests.m */ = {isa = PBXFileReference; lastKnownFileType = sourcecode.c.objc; path = SelectXZAndQxUITestsLaunchTests.m; sourceTree = "<group>"; };
		B72E551EA3C68A085A8E27C3 /* Pods_SelectXZAndQx.framework */ = {isa = PBXFileReference; explicitFileType = wrapper.framework; includeInIndex = 0; path = Pods_SelectXZAndQx.framework; sourceTree = BUILT_PRODUCTS_DIR; };
		E61594D4D5E92A59FC60A67E /* Pods-SelectXZAndQx.debug.xcconfig */ = {isa = PBXFileReference; includeInIndex = 1; lastKnownFileType = text.xcconfig; name = "Pods-SelectXZAndQx.debug.xcconfig"; path = "Target Support Files/Pods-SelectXZAndQx/Pods-SelectXZAndQx.debug.xcconfig"; sourceTree = "<group>"; };
/* End PBXFileReference section */

/* Begin PBXFrameworksBuildPhase section */
		7482238C27BDEF36006D5B4E /* Frameworks */ = {
			isa = PBXFrameworksBuildPhase;
			buildActionMask = 2147483647;
			files = (
				ED62ED792223F6CDCEF7DF38 /* Pods_SelectXZAndQx.framework in Frameworks */,
			);
			runOnlyForDeploymentPostprocessing = 0;
		};
		748223A727BDEF3A006D5B4E /* Frameworks */ = {
			isa = PBXFrameworksBuildPhase;
			buildActionMask = 2147483647;
			files = (
			);
			runOnlyForDeploymentPostprocessing = 0;
		};
		748223B127BDEF3A006D5B4E /* Frameworks */ = {
			isa = PBXFrameworksBuildPhase;
			buildActionMask = 2147483647;
			files = (
			);
			runOnlyForDeploymentPostprocessing = 0;
		};
/* End PBXFrameworksBuildPhase section */

/* Begin PBXGroup section */
		58892BFF64764B9D0D13FDF7 /* Frameworks */ = {
			isa = PBXGroup;
			children = (
				B72E551EA3C68A085A8E27C3 /* Pods_SelectXZAndQx.framework */,
			);
			name = Frameworks;
			sourceTree = "<group>";
		};
		7482238627BDEF36006D5B4E = {
			isa = PBXGroup;
			children = (
				7482239127BDEF36006D5B4E /* SelectXZAndQx */,
				748223AD27BDEF3A006D5B4E /* SelectXZAndQxTests */,
				748223B727BDEF3A006D5B4E /* SelectXZAndQxUITests */,
				7482239027BDEF36006D5B4E /* Products */,
				8FD20E7F01502870D35607B0 /* Pods */,
				58892BFF64764B9D0D13FDF7 /* Frameworks */,
			);
			sourceTree = "<group>";
		};
		7482239027BDEF36006D5B4E /* Products */ = {
			isa = PBXGroup;
			children = (
				7482238F27BDEF36006D5B4E /* SelectXZAndQx.app */,
				748223AA27BDEF3A006D5B4E /* SelectXZAndQxTests.xctest */,
				748223B427BDEF3A006D5B4E /* SelectXZAndQxUITests.xctest */,
			);
			name = Products;
			sourceTree = "<group>";
		};
		7482239127BDEF36006D5B4E /* SelectXZAndQx */ = {
			isa = PBXGroup;
			children = (
				7482239227BDEF36006D5B4E /* AppDelegate.h */,
				7482239327BDEF36006D5B4E /* AppDelegate.m */,
				7482239827BDEF36006D5B4E /* ViewController.h */,
				7482239927BDEF36006D5B4E /* ViewController.m */,
				7482239B27BDEF36006D5B4E /* Main.storyboard */,
				7482239E27BDEF39006D5B4E /* Assets.xcassets */,
				748223A027BDEF39006D5B4E /* LaunchScreen.storyboard */,
				748223A327BDEF39006D5B4E /* Info.plist */,
				748223A427BDEF39006D5B4E /* main.m */,
			);
			path = SelectXZAndQx;
			sourceTree = "<group>";
		};
		748223AD27BDEF3A006D5B4E /* SelectXZAndQxTests */ = {
			isa = PBXGroup;
			children = (
				748223AE27BDEF3A006D5B4E /* SelectXZAndQxTests.m */,
			);
			path = SelectXZAndQxTests;
			sourceTree = "<group>";
		};
		748223B727BDEF3A006D5B4E /* SelectXZAndQxUITests */ = {
			isa = PBXGroup;
			children = (
				748223B827BDEF3A006D5B4E /* SelectXZAndQxUITests.m */,
				748223BA27BDEF3A006D5B4E /* SelectXZAndQxUITestsLaunchTests.m */,
			);
			path = SelectXZAndQxUITests;
			sourceTree = "<group>";
		};
		8FD20E7F01502870D35607B0 /* Pods */ = {
			isa = PBXGroup;
			children = (
				E61594D4D5E92A59FC60A67E /* Pods-SelectXZAndQx.debug.xcconfig */,
				06E3A9E3AC4237F6B73217F4 /* Pods-SelectXZAndQx.release.xcconfig */,
			);
			name = Pods;
			path = Pods;
			sourceTree = "<group>";
		};
/* End PBXGroup section */

/* Begin PBXNativeTarget section */
		7482238E27BDEF36006D5B4E /* SelectXZAndQx */ = {
			isa = PBXNativeTarget;
			buildConfigurationList = 748223BE27BDEF3A006D5B4E /* Build configuration list for PBXNativeTarget "SelectXZAndQx" */;
			buildPhases = (
				97BC630DDC51287AAE56C470 /* [CP] Check Pods Manifest.lock */,
				7482238B27BDEF36006D5B4E /* Sources */,
				7482238C27BDEF36006D5B4E /* Frameworks */,
				7482238D27BDEF36006D5B4E /* Resources */,
				B1645980455E5A41DC612355 /* [CP] Embed Pods Frameworks */,
			);
			buildRules = (
			);
			dependencies = (
			);
			name = SelectXZAndQx;
			productName = SelectXZAndQx;
			productReference = 7482238F27BDEF36006D5B4E /* SelectXZAndQx.app */;
			productType = "com.apple.product-type.application";
		};
		748223A927BDEF3A006D5B4E /* SelectXZAndQxTests */ = {
			isa = PBXNativeTarget;
			buildConfigurationList = 748223C127BDEF3A006D5B4E /* Build configuration list for PBXNativeTarget "SelectXZAndQxTests" */;
			buildPhases = (
				748223A627BDEF3A006D5B4E /* Sources */,
				748223A727BDEF3A006D5B4E /* Frameworks */,
				748223A827BDEF3A006D5B4E /* Resources */,
			);
			buildRules = (
			);
			dependencies = (
				748223AC27BDEF3A006D5B4E /* PBXTargetDependency */,
			);
			name = SelectXZAndQxTests;
			productName = SelectXZAndQxTests;
			productReference = 748223AA27BDEF3A006D5B4E /* SelectXZAndQxTests.xctest */;
			productType = "com.apple.product-type.bundle.unit-test";
		};
		748223B327BDEF3A006D5B4E /* SelectXZAndQxUITests */ = {
			isa = PBXNativeTarget;
			buildConfigurationList = 748223C427BDEF3A006D5B4E /* Build configuration list for PBXNativeTarget "SelectXZAndQxUITests" */;
			buildPhases = (
				748223B027BDEF3A006D5B4E /* Sources */,
				748223B127BDEF3A006D5B4E /* Frameworks */,
				748223B227BDEF3A006D5B4E /* Resources */,
			);
			buildRules = (
			);
			dependencies = (
				748223B627BDEF3A006D5B4E /* PBXTargetDependency */,
			);
			name = SelectXZAndQxUITests;
			productName = SelectXZAndQxUITests;
			productReference = 748223B427BDEF3A006D5B4E /* SelectXZAndQxUITests.xctest */;
			productType = "com.apple.product-type.bundle.ui-testing";
		};
/* End PBXNativeTarget section */

/* Begin PBXProject section */
		7482238727BDEF36006D5B4E /* Project object */ = {
			isa = PBXProject;
			attributes = {
				BuildIndependentTargetsInParallel = 1;
				LastUpgradeCheck = 1320;
				TargetAttributes = {
					7482238E27BDEF36006D5B4E = {
						CreatedOnToolsVersion = 13.2.1;
					};
					748223A927BDEF3A006D5B4E = {
						CreatedOnToolsVersion = 13.2.1;
						TestTargetID = 7482238E27BDEF36006D5B4E;
					};
					748223B327BDEF3A006D5B4E = {
						CreatedOnToolsVersion = 13.2.1;
						TestTargetID = 7482238E27BDEF36006D5B4E;
					};
				};
			};
			buildConfigurationList = 7482238A27BDEF36006D5B4E /* Build configuration list for PBXProject "SelectXZAndQx" */;
			compatibilityVersion = "Xcode 13.0";
			developmentRegion = en;
			hasScannedForEncodings = 0;
			knownRegions = (
				en,
				Base,
			);
			mainGroup = 7482238627BDEF36006D5B4E;
			productRefGroup = 7482239027BDEF36006D5B4E /* Products */;
			projectDirPath = "";
			projectRoot = "";
			targets = (
				7482238E27BDEF36006D5B4E /* SelectXZAndQx */,
				748223A927BDEF3A006D5B4E /* SelectXZAndQxTests */,
				748223B327BDEF3A006D5B4E /* SelectXZAndQxUITests */,
			);
		};
/* End PBXProject section */

/* Begin PBXResourcesBuildPhase section */
		7482238D27BDEF36006D5B4E /* Resources */ = {
			isa = PBXResourcesBuildPhase;
			buildActionMask = 2147483647;
			files = (
				748223A227BDEF39006D5B4E /* LaunchScreen.storyboard in Resources */,
				7482239F27BDEF39006D5B4E /* Assets.xcassets in Resources */,
				7482239D27BDEF36006D5B4E /* Main.storyboard in Resources */,
			);
			runOnlyForDeploymentPostprocessing = 0;
		};
		748223A827BDEF3A006D5B4E /* Resources */ = {
			isa = PBXResourcesBuildPhase;
			buildActionMask = 2147483647;
			files = (
			);
			runOnlyForDeploymentPostprocessing = 0;
		};
		748223B227BDEF3A006D5B4E /* Resources */ = {
			isa = PBXResourcesBuildPhase;
			buildActionMask = 2147483647;
			files = (
			);
			runOnlyForDeploymentPostprocessing = 0;
		};
/* End PBXResourcesBuildPhase section */

/* Begin PBXShellScriptBuildPhase section */
		97BC630DDC51287AAE56C470 /* [CP] Check Pods Manifest.lock */ = {
			isa = PBXShellScriptBuildPhase;
			buildActionMask = 2147483647;
			files = (
			);
			inputFileListPaths = (
			);
			inputPaths = (
				"${PODS_PODFILE_DIR_PATH}/Podfile.lock",
				"${PODS_ROOT}/Manifest.lock",
			);
			name = "[CP] Check Pods Manifest.lock";
			outputFileListPaths = (
			);
			outputPaths = (
				"$(DERIVED_FILE_DIR)/Pods-SelectXZAndQx-checkManifestLockResult.txt",
			);
			runOnlyForDeploymentPostprocessing = 0;
			shellPath = /bin/sh;
			shellScript = "diff \"${PODS_PODFILE_DIR_PATH}/Podfile.lock\" \"${PODS_ROOT}/Manifest.lock\" > /dev/null\nif [ $? != 0 ] ; then\n    # print error to STDERR\n    echo \"error: The sandbox is not in sync with the Podfile.lock. Run 'pod install' or update your CocoaPods installation.\" >&2\n    exit 1\nfi\n# This output is used by Xcode 'outputs' to avoid re-running this script phase.\necho \"SUCCESS\" > \"${SCRIPT_OUTPUT_FILE_0}\"\n";
			showEnvVarsInLog = 0;
		};
		B1645980455E5A41DC612355 /* [CP] Embed Pods Frameworks */ = {
			isa = PBXShellScriptBuildPhase;
			buildActionMask = 2147483647;
			files = (
			);
			inputFileListPaths = (
				"${PODS_ROOT}/Target Support Files/Pods-SelectXZAndQx/Pods-SelectXZAndQx-frameworks-${CONFIGURATION}-input-files.xcfilelist",
			);
			name = "[CP] Embed Pods Frameworks";
			outputFileListPaths = (
				"${PODS_ROOT}/Target Support Files/Pods-SelectXZAndQx/Pods-SelectXZAndQx-frameworks-${CONFIGURATION}-output-files.xcfilelist",
			);
			runOnlyForDeploymentPostprocessing = 0;
			shellPath = /bin/sh;
			shellScript = "\"${PODS_ROOT}/Target Support Files/Pods-SelectXZAndQx/Pods-SelectXZAndQx-frameworks.sh\"\n";
			showEnvVarsInLog = 0;
		};
/* End PBXShellScriptBuildPhase section */

/* Begin PBXSourcesBuildPhase section */
		7482238B27BDEF36006D5B4E /* Sources */ = {
			isa = PBXSourcesBuildPhase;
			buildActionMask = 2147483647;
			files = (
				7482239A27BDEF36006D5B4E /* ViewController.m in Sources */,
				7482239427BDEF36006D5B4E /* AppDelegate.m in Sources */,
				748223A527BDEF39006D5B4E /* main.m in Sources */,
			);
			runOnlyForDeploymentPostprocessing = 0;
		};
		748223A627BDEF3A006D5B4E /* Sources */ = {
			isa = PBXSourcesBuildPhase;
			buildActionMask = 2147483647;
			files = (
				748223AF27BDEF3A006D5B4E /* SelectXZAndQxTests.m in Sources */,
			);
			runOnlyForDeploymentPostprocessing = 0;
		};
		748223B027BDEF3A006D5B4E /* Sources */ = {
			isa = PBXSourcesBuildPhase;
			buildActionMask = 2147483647;
			files = (
				748223B927BDEF3A006D5B4E /* SelectXZAndQxUITests.m in Sources */,
				748223BB27BDEF3A006D5B4E /* SelectXZAndQxUITestsLaunchTests.m in Sources */,
			);
			runOnlyForDeploymentPostprocessing = 0;
		};
/* End PBXSourcesBuildPhase section */

/* Begin PBXTargetDependency section */
		748223AC27BDEF3A006D5B4E /* PBXTargetDependency */ = {
			isa = PBXTargetDependency;
			target = 7482238E27BDEF36006D5B4E /* SelectXZAndQx */;
			targetProxy = 748223AB27BDEF3A006D5B4E /* PBXContainerItemProxy */;
		};
		748223B627BDEF3A006D5B4E /* PBXTargetDependency */ = {
			isa = PBXTargetDependency;
			target = 7482238E27BDEF36006D5B4E /* SelectXZAndQx */;
			targetProxy = 748223B527BDEF3A006D5B4E /* PBXContainerItemProxy */;
		};
/* End PBXTargetDependency section */

/* Begin PBXVariantGroup section */
		7482239B27BDEF36006D5B4E /* Main.storyboard */ = {
			isa = PBXVariantGroup;
			children = (
				7482239C27BDEF36006D5B4E /* Base */,
			);
			name = Main.storyboard;
			sourceTree = "<group>";
		};
		748223A027BDEF39006D5B4E /* LaunchScreen.storyboard */ = {
			isa = PBXVariantGroup;
			children = (
				748223A127BDEF39006D5B4E /* Base */,
			);
			name = LaunchScreen.storyboard;
			sourceTree = "<group>";
		};
/* End PBXVariantGroup section */

/* Begin XCBuildConfiguration section */
		748223BC27BDEF3A006D5B4E /* Debug */ = {
			isa = XCBuildConfiguration;
			buildSettings = {
				ALWAYS_SEARCH_USER_PATHS = NO;
				CLANG_ANALYZER_NONNULL = YES;
				CLANG_ANALYZER_NUMBER_OBJECT_CONVERSION = YES_AGGRESSIVE;
				CLANG_CXX_LANGUAGE_STANDARD = "gnu++17";
				CLANG_CXX_LIBRARY = "libc++";
				CLANG_ENABLE_MODULES = YES;
				CLANG_ENABLE_OBJC_ARC = YES;
				CLANG_ENABLE_OBJC_WEAK = YES;
				CLANG_WARN_BLOCK_CAPTURE_AUTORELEASING = YES;
				CLANG_WARN_BOOL_CONVERSION = YES;
				CLANG_WARN_COMMA = YES;
				CLANG_WARN_CONSTANT_CONVERSION = YES;
				CLANG_WARN_DEPRECATED_OBJC_IMPLEMENTATIONS = YES;
				CLANG_WARN_DIRECT_OBJC_ISA_USAGE = YES_ERROR;
				CLANG_WARN_DOCUMENTATION_COMMENTS = YES;
				CLANG_WARN_EMPTY_BODY = YES;
				CLANG_WARN_ENUM_CONVERSION = YES;
				CLANG_WARN_INFINITE_RECURSION = YES;
				CLANG_WARN_INT_CONVERSION = YES;
				CLANG_WARN_NON_LITERAL_NULL_CONVERSION = YES;
				CLANG_WARN_OBJC_IMPLICIT_RETAIN_SELF = YES;
				CLANG_WARN_OBJC_LITERAL_CONVERSION = YES;
				CLANG_WARN_OBJC_ROOT_CLASS = YES_ERROR;
				CLANG_WARN_QUOTED_INCLUDE_IN_FRAMEWORK_HEADER = YES;
				CLANG_WARN_RANGE_LOOP_ANALYSIS = YES;
				CLANG_WARN_STRICT_PROTOTYPES = YES;
				CLANG_WARN_SUSPICIOUS_MOVE = YES;
				CLANG_WARN_UNGUARDED_AVAILABILITY = YES_AGGRESSIVE;
				CLANG_WARN_UNREACHABLE_CODE = YES;
				CLANG_WARN__DUPLICATE_METHOD_MATCH = YES;
				COPY_PHASE_STRIP = NO;
				DEBUG_INFORMATION_FORMAT = dwarf;
				ENABLE_STRICT_OBJC_MSGSEND = YES;
				ENABLE_TESTABILITY = YES;
				GCC_C_LANGUAGE_STANDARD = gnu11;
				GCC_DYNAMIC_NO_PIC = NO;
				GCC_NO_COMMON_BLOCKS = YES;
				GCC_OPTIMIZATION_LEVEL = 0;
				GCC_PREPROCESSOR_DEFINITIONS = (
					"DEBUG=1",
					"$(inherited)",
				);
				GCC_WARN_64_TO_32_BIT_CONVERSION = YES;
				GCC_WARN_ABOUT_RETURN_TYPE = YES_ERROR;
				GCC_WARN_UNDECLARED_SELECTOR = YES;
				GCC_WARN_UNINITIALIZED_AUTOS = YES_AGGRESSIVE;
				GCC_WARN_UNUSED_FUNCTION = YES;
				GCC_WARN_UNUSED_VARIABLE = YES;
				IPHONEOS_DEPLOYMENT_TARGET = 15.2;
				MTL_ENABLE_DEBUG_INFO = INCLUDE_SOURCE;
				MTL_FAST_MATH = YES;
				ONLY_ACTIVE_ARCH = YES;
				SDKROOT = iphoneos;
			};
			name = Debug;
		};
		748223BD27BDEF3A006D5B4E /* Release */ = {
			isa = XCBuildConfiguration;
			buildSettings = {
				ALWAYS_SEARCH_USER_PATHS = NO;
				CLANG_ANALYZER_NONNULL = YES;
				CLANG_ANALYZER_NUMBER_OBJECT_CONVERSION = YES_AGGRESSIVE;
				CLANG_CXX_LANGUAGE_STANDARD = "gnu++17";
				CLANG_CXX_LIBRARY = "libc++";
				CLANG_ENABLE_MODULES = YES;
				CLANG_ENABLE_OBJC_ARC = YES;
				CLANG_ENABLE_OBJC_WEAK = YES;
				CLANG_WARN_BLOCK_CAPTURE_AUTORELEASING = YES;
				CLANG_WARN_BOOL_CONVERSION = YES;
				CLANG_WARN_COMMA = YES;
				CLANG_WARN_CONSTANT_CONVERSION = YES;
				CLANG_WARN_DEPRECATED_OBJC_IMPLEMENTATIONS = YES;
				CLANG_WARN_DIRECT_OBJC_ISA_USAGE = YES_ERROR;
				CLANG_WARN_DOCUMENTATION_COMMENTS = YES;
				CLANG_WARN_EMPTY_BODY = YES;
				CLANG_WARN_ENUM_CONVERSION = YES;
				CLANG_WARN_INFINITE_RECURSION = YES;
				CLANG_WARN_INT_CONVERSION = YES;
				CLANG_WARN_NON_LITERAL_NULL_CONVERSION = YES;
				CLANG_WARN_OBJC_IMPLICIT_RETAIN_SELF = YES;
				CLANG_WARN_OBJC_LITERAL_CONVERSION = YES;
				CLANG_WARN_OBJC_ROOT_CLASS = YES_ERROR;
				CLANG_WARN_QUOTED_INCLUDE_IN_FRAMEWORK_HEADER = YES;
				CLANG_WARN_RANGE_LOOP_ANALYSIS = YES;
				CLANG_WARN_STRICT_PROTOTYPES = YES;
				CLANG_WARN_SUSPICIOUS_MOVE = YES;
				CLANG_WARN_UNGUARDED_AVAILABILITY = YES_AGGRESSIVE;
				CLANG_WARN_UNREACHABLE_CODE = YES;
				CLANG_WARN__DUPLICATE_METHOD_MATCH = YES;
				COPY_PHASE_STRIP = NO;
				DEBUG_INFORMATION_FORMAT = "dwarf-with-dsym";
				ENABLE_NS_ASSERTIONS = NO;
				ENABLE_STRICT_OBJC_MSGSEND = YES;
				GCC_C_LANGUAGE_STANDARD = gnu11;
				GCC_NO_COMMON_BLOCKS = YES;
				GCC_WARN_64_TO_32_BIT_CONVERSION = YES;
				GCC_WARN_ABOUT_RETURN_TYPE = YES_ERROR;
				GCC_WARN_UNDECLARED_SELECTOR = YES;
				GCC_WARN_UNINITIALIZED_AUTOS = YES_AGGRESSIVE;
				GCC_WARN_UNUSED_FUNCTION = YES;
				GCC_WARN_UNUSED_VARIABLE = YES;
				IPHONEOS_DEPLOYMENT_TARGET = 15.2;
				MTL_ENABLE_DEBUG_INFO = NO;
				MTL_FAST_MATH = YES;
				SDKROOT = iphoneos;
				VALIDATE_PRODUCT = YES;
			};
			name = Release;
		};
		748223BF27BDEF3A006D5B4E /* Debug */ = {
			isa = XCBuildConfiguration;
			baseConfigurationReference = E61594D4D5E92A59FC60A67E /* Pods-SelectXZAndQx.debug.xcconfig */;
			buildSettings = {
				ASSETCATALOG_COMPILER_APPICON_NAME = AppIcon;
				ASSETCATALOG_COMPILER_GLOBAL_ACCENT_COLOR_NAME = AccentColor;
				CODE_SIGN_STYLE = Automatic;
				CURRENT_PROJECT_VERSION = 1;
				DEVELOPMENT_TEAM = 2A25VJ2LV5;
				GENERATE_INFOPLIST_FILE = YES;
				INFOPLIST_FILE = SelectXZAndQx/Info.plist;
				INFOPLIST_KEY_UIApplicationSupportsIndirectInputEvents = YES;
				INFOPLIST_KEY_UILaunchStoryboardName = LaunchScreen;
				INFOPLIST_KEY_UIMainStoryboardFile = Main;
				INFOPLIST_KEY_UISupportedInterfaceOrientations_iPad = "UIInterfaceOrientationPortrait UIInterfaceOrientationPortraitUpsideDown UIInterfaceOrientationLandscapeLeft UIInterfaceOrientationLandscapeRight";
				INFOPLIST_KEY_UISupportedInterfaceOrientations_iPhone = "UIInterfaceOrientationPortrait UIInterfaceOrientationLandscapeLeft UIInterfaceOrientationLandscapeRight";
				LD_RUNPATH_SEARCH_PATHS = (
					"$(inherited)",
					"@executable_path/Frameworks",
				);
				MARKETING_VERSION = 1.0;
				PRODUCT_BUNDLE_IDENTIFIER = zongang.SelectXZAndQx;
				PRODUCT_NAME = "$(TARGET_NAME)";
				SWIFT_EMIT_LOC_STRINGS = YES;
				TARGETED_DEVICE_FAMILY = "1,2";
			};
			name = Debug;
		};
		748223C027BDEF3A006D5B4E /* Release */ = {
			isa = XCBuildConfiguration;
			baseConfigurationReference = 06E3A9E3AC4237F6B73217F4 /* Pods-SelectXZAndQx.release.xcconfig */;
			buildSettings = {
				ASSETCATALOG_COMPILER_APPICON_NAME = AppIcon;
				ASSETCATALOG_COMPILER_GLOBAL_ACCENT_COLOR_NAME = AccentColor;
				CODE_SIGN_STYLE = Automatic;
				CURRENT_PROJECT_VERSION = 1;
				DEVELOPMENT_TEAM = 2A25VJ2LV5;
				GENERATE_INFOPLIST_FILE = YES;
				INFOPLIST_FILE = SelectXZAndQx/Info.plist;
				INFOPLIST_KEY_UIApplicationSupportsIndirectInputEvents = YES;
				INFOPLIST_KEY_UILaunchStoryboardName = LaunchScreen;
				INFOPLIST_KEY_UIMainStoryboardFile = Main;
				INFOPLIST_KEY_UISupportedInterfaceOrientations_iPad = "UIInterfaceOrientationPortrait UIInterfaceOrientationPortraitUpsideDown UIInterfaceOrientationLandscapeLeft UIInterfaceOrientationLandscapeRight";
				INFOPLIST_KEY_UISupportedInterfaceOrientations_iPhone = "UIInterfaceOrientationPortrait UIInterfaceOrientationLandscapeLeft UIInterfaceOrientationLandscapeRight";
				LD_RUNPATH_SEARCH_PATHS = (
					"$(inherited)",
					"@executable_path/Frameworks",
				);
				MARKETING_VERSION = 1.0;
				PRODUCT_BUNDLE_IDENTIFIER = zongang.SelectXZAndQx;
				PRODUCT_NAME = "$(TARGET_NAME)";
				SWIFT_EMIT_LOC_STRINGS = YES;
				TARGETED_DEVICE_FAMILY = "1,2";
			};
			name = Release;
		};
		748223C227BDEF3A006D5B4E /* Debug */ = {
			isa = XCBuildConfiguration;
			buildSettings = {
				BUNDLE_LOADER = "$(TEST_HOST)";
				CODE_SIGN_STYLE = Automatic;
				CURRENT_PROJECT_VERSION = 1;
				DEVELOPMENT_TEAM = 2A25VJ2LV5;
				GENERATE_INFOPLIST_FILE = YES;
				IPHONEOS_DEPLOYMENT_TARGET = 15.2;
				MARKETING_VERSION = 1.0;
				PRODUCT_BUNDLE_IDENTIFIER = zongang.SelectXZAndQxTests;
				PRODUCT_NAME = "$(TARGET_NAME)";
				SWIFT_EMIT_LOC_STRINGS = NO;
				TARGETED_DEVICE_FAMILY = "1,2";
				TEST_HOST = "$(BUILT_PRODUCTS_DIR)/SelectXZAndQx.app/SelectXZAndQx";
			};
			name = Debug;
		};
		748223C327BDEF3A006D5B4E /* Release */ = {
			isa = XCBuildConfiguration;
			buildSettings = {
				BUNDLE_LOADER = "$(TEST_HOST)";
				CODE_SIGN_STYLE = Automatic;
				CURRENT_PROJECT_VERSION = 1;
				DEVELOPMENT_TEAM = 2A25VJ2LV5;
				GENERATE_INFOPLIST_FILE = YES;
				IPHONEOS_DEPLOYMENT_TARGET = 15.2;
				MARKETING_VERSION = 1.0;
				PRODUCT_BUNDLE_IDENTIFIER = zongang.SelectXZAndQxTests;
				PRODUCT_NAME = "$(TARGET_NAME)";
				SWIFT_EMIT_LOC_STRINGS = NO;
				TARGETED_DEVICE_FAMILY = "1,2";
				TEST_HOST = "$(BUILT_PRODUCTS_DIR)/SelectXZAndQx.app/SelectXZAndQx";
			};
			name = Release;
		};
		748223C527BDEF3A006D5B4E /* Debug */ = {
			isa = XCBuildConfiguration;
			buildSettings = {
				CODE_SIGN_STYLE = Automatic;
				CURRENT_PROJECT_VERSION = 1;
				DEVELOPMENT_TEAM = 2A25VJ2LV5;
				GENERATE_INFOPLIST_FILE = YES;
				MARKETING_VERSION = 1.0;
				PRODUCT_BUNDLE_IDENTIFIER = zongang.SelectXZAndQxUITests;
				PRODUCT_NAME = "$(TARGET_NAME)";
				SWIFT_EMIT_LOC_STRINGS = NO;
				TARGETED_DEVICE_FAMILY = "1,2";
				TEST_TARGET_NAME = SelectXZAndQx;
			};
			name = Debug;
		};
		748223C627BDEF3A006D5B4E /* Release */ = {
			isa = XCBuildConfiguration;
			buildSettings = {
				CODE_SIGN_STYLE = Automatic;
				CURRENT_PROJECT_VERSION = 1;
				DEVELOPMENT_TEAM = 2A25VJ2LV5;
				GENERATE_INFOPLIST_FILE = YES;
				MARKETING_VERSION = 1.0;
				PRODUCT_BUNDLE_IDENTIFIER = zongang.SelectXZAndQxUITests;
				PRODUCT_NAME = "$(TARGET_NAME)";
				SWIFT_EMIT_LOC_STRINGS = NO;
				TARGETED_DEVICE_FAMILY = "1,2";
				TEST_TARGET_NAME = SelectXZAndQx;
			};
			name = Release;
		};
/* End XCBuildConfiguration section */

/* Begin XCConfigurationList section */
		7482238A27BDEF36006D5B4E /* Build configuration list for PBXProject "SelectXZAndQx" */ = {
			isa = XCConfigurationList;
			buildConfigurations = (
				748223BC27BDEF3A006D5B4E /* Debug */,
				748223BD27BDEF3A006D5B4E /* Release */,
			);
			defaultConfigurationIsVisible = 0;
			defaultConfigurationName = Release;
		};
		748223BE27BDEF3A006D5B4E /* Build configuration list for PBXNativeTarget "SelectXZAndQx" */ = {
			isa = XCConfigurationList;
			buildConfigurations = (
				748223BF27BDEF3A006D5B4E /* Debug */,
				748223C027BDEF3A006D5B4E /* Release */,
			);
			defaultConfigurationIsVisible = 0;
			defaultConfigurationName = Release;
		};
		748223C127BDEF3A006D5B4E /* Build configuration list for PBXNativeTarget "SelectXZAndQxTests" */ = {
			isa = XCConfigurationList;
			buildConfigurations = (
				748223C227BDEF3A006D5B4E /* Debug */,
				748223C327BDEF3A006D5B4E /* Release */,
			);
			defaultConfigurationIsVisible = 0;
			defaultConfigurationName = Release;
		};
		748223C427BDEF3A006D5B4E /* Build configuration list for PBXNativeTarget "SelectXZAndQxUITests" */ = {
			isa = XCConfigurationList;
			buildConfigurations = (
				748223C527BDEF3A006D5B4E /* Debug */,
				748223C627BDEF3A006D5B4E /* Release */,
			);
			defaultConfigurationIsVisible = 0;
			defaultConfigurationName = Release;
		};
/* End XCConfigurationList section */
	};
	rootObject = 7482238727BDEF36006D5B4E /* Project object */;
}
